
Microsoft Visual Studio Solution File, Format Version 12.00
# Visual Studio Version 17
VisualStudioVersion = 17.4.33205.214
MinimumVisualStudioVersion = 10.0.40219.1
Project("{FAE04EC0-301F-11D3-BF4B-00C04F79EFBC}") = "Base64Decoder", "Base64Decoder\Base64Decoder.csproj", "{C9A881D8-1F16-4F8A-9896-96ED611F7E8D}"
EndProject
Global
	GlobalSection(SolutionConfigurationPlatforms) = preSolution
		Debug|Any CPU = Debug|Any CPU
		Release|Any CPU = Release|Any CPU
	EndGlobalSection
	GlobalSection(ProjectConfigurationPlatforms) = postSolution
		{C9A881D8-1F16-4F8A-9896-96ED611F7E8D}.Debug|Any CPU.ActiveCfg = Debug|Any CPU
		{C9A881D8-1F16-4F8A-9896-96ED611F7E8D}.Debug|Any CPU.Build.0 = Debug|Any CPU
		{C9A881D8-1F16-4F8A-9896-96ED611F7E8D}.Release|Any CPU.ActiveCfg = Release|Any CPU
		{C9A881D8-1F16-4F8A-9896-96ED611F7E8D}.Release|Any CPU.Build.0 = Release|Any CPU
	EndGlobalSection
	GlobalSection(SolutionProperties) = preSolution
		HideSolutionNode = FALSE
	EndGlobalSection
	GlobalSection(ExtensibilityGlobals) = postSolution
		SolutionGuid = {3080EEAE-81FF-40F5-8A77-9F532E610895}
	EndGlobalSection
EndGlobal
