
Microsoft Visual Studio Solution File, Format Version 12.00
# Visual Studio Version 17
VisualStudioVersion = 17.4.33205.214
MinimumVisualStudioVersion = 10.0.40219.1
Project("{FAE04EC0-301F-11D3-BF4B-00C04F79EFBC}") = "ffind", "ffind\ffind.csproj", "{B071F0C4-3E71-4F7F-896F-EE983C38627B}"
EndProject
Global
	GlobalSection(SolutionConfigurationPlatforms) = preSolution
		Debug|Any CPU = Debug|Any CPU
		Release|Any CPU = Release|Any CPU
	EndGlobalSection
	GlobalSection(ProjectConfigurationPlatforms) = postSolution
		{B071F0C4-3E71-4F7F-896F-EE983C38627B}.Debug|Any CPU.ActiveCfg = Debug|Any CPU
		{B071F0C4-3E71-4F7F-896F-EE983C38627B}.Debug|Any CPU.Build.0 = Debug|Any CPU
		{B071F0C4-3E71-4F7F-896F-EE983C38627B}.Release|Any CPU.ActiveCfg = Release|Any CPU
		{B071F0C4-3E71-4F7F-896F-EE983C38627B}.Release|Any CPU.Build.0 = Release|Any CPU
	EndGlobalSection
	GlobalSection(SolutionProperties) = preSolution
		HideSolutionNode = FALSE
	EndGlobalSection
	GlobalSection(ExtensibilityGlobals) = postSolution
		SolutionGuid = {0F4DC3C8-B013-49F0-8316-329223643649}
	EndGlobalSection
EndGlobal
