
Microsoft Visual Studio Solution File, Format Version 12.00
# Visual Studio Version 17
VisualStudioVersion = 17.4.33110.190
MinimumVisualStudioVersion = 10.0.40219.1
Project("{FAE04EC0-301F-11D3-BF4B-00C04F79EFBC}") = "createsql", "createsql\createsql.csproj", "{36AE782E-6605-48AC-A422-FED2A107166F}"
EndProject
Global
	GlobalSection(SolutionConfigurationPlatforms) = preSolution
		Debug|Any CPU = Debug|Any CPU
		Release|Any CPU = Release|Any CPU
	EndGlobalSection
	GlobalSection(ProjectConfigurationPlatforms) = postSolution
		{36AE782E-6605-48AC-A422-FED2A107166F}.Debug|Any CPU.ActiveCfg = Debug|Any CPU
		{36AE782E-6605-48AC-A422-FED2A107166F}.Debug|Any CPU.Build.0 = Debug|Any CPU
		{36AE782E-6605-48AC-A422-FED2A107166F}.Release|Any CPU.ActiveCfg = Release|Any CPU
		{36AE782E-6605-48AC-A422-FED2A107166F}.Release|Any CPU.Build.0 = Release|Any CPU
	EndGlobalSection
	GlobalSection(SolutionProperties) = preSolution
		HideSolutionNode = FALSE
	EndGlobalSection
	GlobalSection(ExtensibilityGlobals) = postSolution
		SolutionGuid = {FA875208-3F0D-4765-AB21-9AE382F93C34}
	EndGlobalSection
EndGlobal
